
Microsoft Visual Studio Solution File, Format Version 12.00
# Visual Studio 15
VisualStudioVersion = 15.0.27428.2002
MinimumVisualStudioVersion = 10.0.40219.1
Project("{FAE04EC0-301F-11D3-BF4B-00C04F79EFBC}") = "FunctionApp3", "FunctionApp3\FunctionApp3.csproj", "{391B943B-A884-4590-A267-386C5215EFE0}"
EndProject
Global
	GlobalSection(SolutionConfigurationPlatforms) = preSolution
		Debug|Any CPU = Debug|Any CPU
		Release|Any CPU = Release|Any CPU
	EndGlobalSection
	GlobalSection(ProjectConfigurationPlatforms) = postSolution
		{391B943B-A884-4590-A267-386C5215EFE0}.Debug|Any CPU.ActiveCfg = Debug|Any CPU
		{391B943B-A884-4590-A267-386C5215EFE0}.Debug|Any CPU.Build.0 = Debug|Any CPU
		{391B943B-A884-4590-A267-386C5215EFE0}.Release|Any CPU.ActiveCfg = Release|Any CPU
		{391B943B-A884-4590-A267-386C5215EFE0}.Release|Any CPU.Build.0 = Release|Any CPU
	EndGlobalSection
	GlobalSection(SolutionProperties) = preSolution
		HideSolutionNode = FALSE
	EndGlobalSection
	GlobalSection(ExtensibilityGlobals) = postSolution
		SolutionGuid = {D89948BD-71C6-4703-945A-C84A91E1A1F8}
	EndGlobalSection
EndGlobal
